
Microsoft Visual Studio Solution File, Format Version 12.00
# Visual Studio Version 17
VisualStudioVersion = 17.6.33723.286
MinimumVisualStudioVersion = 10.0.40219.1
Project("{8BC9CEB8-8B4A-11D0-8D11-00A0C91BC942}") = "Mosa_CppKanojo", "Mosa_CppKanojo\Mosa_CppKanojo.vcxproj", "{E3CF005C-F3BA-4DC5-8CBE-FA3B57C65D98}"
EndProject
Global
	GlobalSection(SolutionConfigurationPlatforms) = preSolution
		Debug|x64 = Debug|x64
		Release|x64 = Release|x64
	EndGlobalSection
	GlobalSection(ProjectConfigurationPlatforms) = postSolution
		{E3CF005C-F3BA-4DC5-8CBE-FA3B57C65D98}.Debug|x64.ActiveCfg = Debug|x64
		{E3CF005C-F3BA-4DC5-8CBE-FA3B57C65D98}.Debug|x64.Build.0 = Debug|x64
		{E3CF005C-F3BA-4DC5-8CBE-FA3B57C65D98}.Release|x64.ActiveCfg = Release|x64
		{E3CF005C-F3BA-4DC5-8CBE-FA3B57C65D98}.Release|x64.Build.0 = Release|x64
	EndGlobalSection
	GlobalSection(SolutionProperties) = preSolution
		HideSolutionNode = FALSE
	EndGlobalSection
	GlobalSection(ExtensibilityGlobals) = postSolution
		SolutionGuid = {A1605E42-55C4-4464-B565-11F558EFB940}
	EndGlobalSection
EndGlobal
